
Microsoft Visual Studio Solution File, Format Version 12.00
# Visual Studio Version 17
VisualStudioVersion = 17.8.34330.188
MinimumVisualStudioVersion = 10.0.40219.1
Project("{FAE04EC0-301F-11D3-BF4B-00C04F79EFBC}") = "BinaryVersion", "BinaryVersion\BinaryVersion.csproj", "{74D45C84-AEEC-4F17-97D1-79D871A48184}"
EndProject
Global
	GlobalSection(SolutionConfigurationPlatforms) = preSolution
		Debug|Any CPU = Debug|Any CPU
		Release|Any CPU = Release|Any CPU
	EndGlobalSection
	GlobalSection(ProjectConfigurationPlatforms) = postSolution
		{74D45C84-AEEC-4F17-97D1-79D871A48184}.Debug|Any CPU.ActiveCfg = Debug|Any CPU
		{74D45C84-AEEC-4F17-97D1-79D871A48184}.Debug|Any CPU.Build.0 = Debug|Any CPU
		{74D45C84-AEEC-4F17-97D1-79D871A48184}.Release|Any CPU.ActiveCfg = Release|Any CPU
		{74D45C84-AEEC-4F17-97D1-79D871A48184}.Release|Any CPU.Build.0 = Release|Any CPU
	EndGlobalSection
	GlobalSection(SolutionProperties) = preSolution
		HideSolutionNode = FALSE
	EndGlobalSection
	GlobalSection(ExtensibilityGlobals) = postSolution
		SolutionGuid = {46D556AA-7CB9-4975-BBE3-70C8E71AB46B}
	EndGlobalSection
EndGlobal
